{
    "requires": true,
    "lockfileVersion": 1,
    "dependencies": {
        "bootstrap": {
            "version": "4.1.3",
            "resolved": "https://registry.npmjs.org/bootstrap/-/bootstrap-4.1.3.tgz",
            "integrity": "sha512-rDFIzgXcof0jDyjNosjv4Sno77X4KuPeFxG2XZZv1/Kc8DRVGVADdoQyyOVDwPqL36DDmtCQbrpMCqvpPLJQ0w=="
        },
        "popper.js": {
            "version": "1.11.0",
            "resolved": "https://registry.npmjs.org/popper.js/-/popper.js-1.11.0.tgz",
            "integrity": "sha512-mPwHWRijjT5hcI5pJCM8W4dv6y48v94ANpP5mVX9ZRZPuxWveGmm/VpE/1t5NB7wBA7CtSVsWHlbW1VucbILyQ=="
        }
    }
}
